<?xml version="1.0" encoding="utf-8"?>
<Project ToolsVersion="4.0" xmlns="http://schemas.microsoft.com/developer/msbuild/2003">
  <ItemGroup>
    <Filter Include="Source Files">
      <UniqueIdentifier>{4FC737F1-C7A5-4376-A066-2A32D752A2FF}</UniqueIdentifier>
      <Extensions>cpp;c;cc;cxx;def;odl;idl;hpj;bat;asm;asmx</Extensions>
    </Filter>
    <Filter Include="Header Files">
      <UniqueIdentifier>{93995380-89BD-4b04-88EB-625FBE52EBFB}</UniqueIdentifier>
      <Extensions>h;hpp;hxx;hm;inl;inc;xsd</Extensions>
    </Filter>
    <Filter Include="Resource Files">
      <UniqueIdentifier>{67DA6AB6-F800-4c08-8B7A-83BB121AAD01}</UniqueIdentifier>
      <Extensions>rc;ico;cur;bmp;dlg;rc2;rct;bin;rgs;gif;jpg;jpeg;jpe;resx;tiff;tif;png;wav;mfcribbon-ms</Extensions>
    </Filter>
    <Filter Include="Source Files\www">
      <UniqueIdentifier>{7c71a719-60a1-430b-a51f-9f898cccb811}</UniqueIdentifier>
    </Filter>
    <Filter Include="Source Files\cfg">
      <UniqueIdentifier>{34b1cdd9-4bf1-427e-b625-e902b2a437fb}</UniqueIdentifier>
    </Filter>
  </ItemGroup>
  <ItemGroup>
    <ClCompile Include="main.cpp">
      <Filter>Source Files</Filter>
    </ClCompile>
    <ClCompile Include="telnet.cpp">
      <Filter>Source Files</Filter>
    </ClCompile>
  </ItemGroup>
  <ItemGroup>
    <None Include="hej.JPG">
      <Filter>Source Files\www</Filter>
    </None>
    <None Include="Ho.html">
      <Filter>Source Files\www</Filter>
    </None>
    <None Include="hej.zip">
      <Filter>Source Files\www</Filter>
    </None>
    <None Include="hej2.JPG">
      <Filter>Source Files\www</Filter>
    </None>
    <None Include="o.html">
      <Filter>Source Files\www</Filter>
    </None>
    <None Include="config.cfg">
      <Filter>Source Files\cfg</Filter>
    </None>
  </ItemGroup>
</Project>